
Microsoft Visual Studio Solution File, Format Version 12.00
# Visual Studio Version 16
VisualStudioVersion = 25.0.1700.0
MinimumVisualStudioVersion = 10.0.40219.1
Project("{FAE04EC0-301F-11D3-BF4B-00C04F79EFBC}") = "APIUdemy", "APIUdemy\APIUdemy.csproj", "{373C2F8C-C360-47E2-A21B-CAB94D1FE07C}"
EndProject
Global
	GlobalSection(SolutionConfigurationPlatforms) = preSolution
		Debug|Any CPU = Debug|Any CPU
		Release|Any CPU = Release|Any CPU
	EndGlobalSection
	GlobalSection(ProjectConfigurationPlatforms) = postSolution
		{373C2F8C-C360-47E2-A21B-CAB94D1FE07C}.Debug|Any CPU.ActiveCfg = Debug|Any CPU
		{373C2F8C-C360-47E2-A21B-CAB94D1FE07C}.Debug|Any CPU.Build.0 = Debug|Any CPU
		{373C2F8C-C360-47E2-A21B-CAB94D1FE07C}.Release|Any CPU.ActiveCfg = Release|Any CPU
		{373C2F8C-C360-47E2-A21B-CAB94D1FE07C}.Release|Any CPU.Build.0 = Release|Any CPU
	EndGlobalSection
	GlobalSection(SolutionProperties) = preSolution
		HideSolutionNode = FALSE
	EndGlobalSection
	GlobalSection(ExtensibilityGlobals) = postSolution
		SolutionGuid = {15A21628-9FB6-4837-A806-1070F816290C}
	EndGlobalSection
EndGlobal
